
Microsoft Visual Studio Solution File, Format Version 12.00
# Visual Studio Version 17
VisualStudioVersion = 17.8.34330.188
MinimumVisualStudioVersion = 10.0.40219.1
Project("{FAE04EC0-301F-11D3-BF4B-00C04F79EFBC}") = "SalaryFunc", "WageFunc\SalaryFunc.csproj", "{45636831-EB87-4D2E-91DC-375B88CFB1E4}"
EndProject
Global
	GlobalSection(SolutionConfigurationPlatforms) = preSolution
		Debug|Any CPU = Debug|Any CPU
		Release|Any CPU = Release|Any CPU
	EndGlobalSection
	GlobalSection(ProjectConfigurationPlatforms) = postSolution
		{45636831-EB87-4D2E-91DC-375B88CFB1E4}.Debug|Any CPU.ActiveCfg = Debug|Any CPU
		{45636831-EB87-4D2E-91DC-375B88CFB1E4}.Debug|Any CPU.Build.0 = Debug|Any CPU
		{45636831-EB87-4D2E-91DC-375B88CFB1E4}.Release|Any CPU.ActiveCfg = Release|Any CPU
		{45636831-EB87-4D2E-91DC-375B88CFB1E4}.Release|Any CPU.Build.0 = Release|Any CPU
	EndGlobalSection
	GlobalSection(SolutionProperties) = preSolution
		HideSolutionNode = FALSE
	EndGlobalSection
	GlobalSection(ExtensibilityGlobals) = postSolution
		SolutionGuid = {01F8E39E-2A1E-42C4-90D7-81FA9D087300}
	EndGlobalSection
EndGlobal
